hash: b340fc68c26c1ada6a94c7417710e868cc83484594f514a7d877f175a05f5091
updated: 2018-03-08T16:24:29.773188+01:00
imports:
- name: github.com/akamai/AkamaiOPEN-edgegrid-golang
  version: 19d33cc7febb34be9be8370b021a5e5e6e7e79e4
  subpackages:
  - client-v1
  - edgegrid
- name: github.com/fatih/color
  version: 507f6050b8568533fb3f5504de8e5205fa62a114
- name: github.com/go-ini/ini
  version: 32e4c1e6bc4e7d0d8451aa6b75200d19e37a536a
- name: github.com/mattn/go-colorable
  version: 7dc3415be66d7cc68bf0182f35c8d31f8d2ad8a7
- name: github.com/mattn/go-isatty
  version: 6ca4dbf54d38eea1a992b3c722a76a5d1c4cb25c
- name: github.com/mitchellh/go-homedir
  version: b8bc1bf767474819792c23f32d8286a45736f1c6
- name: github.com/olekukonko/tablewriter
  version: b8a9be070da40449e501c3c4730a889e42d87a9e
- name: github.com/RafPe/go-edgegrid
  version: 66719f80964aec446995471a174fd7e9a3c6237c
- name: github.com/satori/go.uuid
  version: 36e9d2ebbde5e3f13ab2e25625fd453271d6522e
- name: github.com/urfave/cli
  version: cfb38830724cc34fedffe9a2a29fb54fa9169cd1
- name: golang.org/x/sys
  version: 9d4e42a20653790449273b3c85e67d6d8bae6e2e
  subpackages:
  - unix
testImports: []
